
Microsoft Visual Studio Solution File, Format Version 12.00
# Visual Studio Version 17
VisualStudioVersion = 17.4.33213.308
MinimumVisualStudioVersion = 10.0.40219.1
Project("{FAE04EC0-301F-11D3-BF4B-00C04F79EFBC}") = "final", "final\final.csproj", "{B66D24B7-4D1A-46E1-8CAE-F8E9C8530AC5}"
EndProject
Global
	GlobalSection(SolutionConfigurationPlatforms) = preSolution
		Debug|Any CPU = Debug|Any CPU
		Release|Any CPU = Release|Any CPU
	EndGlobalSection
	GlobalSection(ProjectConfigurationPlatforms) = postSolution
		{B66D24B7-4D1A-46E1-8CAE-F8E9C8530AC5}.Debug|Any CPU.ActiveCfg = Debug|Any CPU
		{B66D24B7-4D1A-46E1-8CAE-F8E9C8530AC5}.Debug|Any CPU.Build.0 = Debug|Any CPU
		{B66D24B7-4D1A-46E1-8CAE-F8E9C8530AC5}.Release|Any CPU.ActiveCfg = Release|Any CPU
		{B66D24B7-4D1A-46E1-8CAE-F8E9C8530AC5}.Release|Any CPU.Build.0 = Release|Any CPU
	EndGlobalSection
	GlobalSection(SolutionProperties) = preSolution
		HideSolutionNode = FALSE
	EndGlobalSection
	GlobalSection(ExtensibilityGlobals) = postSolution
		SolutionGuid = {77E659E4-9AA9-4701-97BF-E9FBAA203E34}
	EndGlobalSection
EndGlobal
